{
  "name": "bootstrap",
  "version": "1.0.0",
  "lockfileVersion": 3,
  "requires": true,
  "packages": {
    "": {
      "name": "bootstrap",
      "version": "1.0.0",
      "license": "ISC",
      "dependencies": {
        "register": "^0.0.0"
      }
    },
    "node_modules/cadence": {
      "version": "0.0.12",
      "resolved": "https://registry.npmjs.org/cadence/-/cadence-0.0.12.tgz",
      "integrity": "sha512-CAAqoqZfC6VdN9VH3cqW9qorxMW6obJKF2A4C90nXGMaxl0YHAxyFv8BGbnjGo6Wwh3DtlpNS/37y52rkNpWug=="
    },
    "node_modules/register": {
      "version": "0.0.0",
      "resolved": "https://registry.npmjs.org/register/-/register-0.0.0.tgz",
      "integrity": "sha512-ke05ea7RrJkwiblGQfY8NdvtDXK36cDcDtxAYU6hAFMbtj75l0pUIQUi9F9FjC23Z3X/pBqFkjjUsIFugHVWWQ==",
      "dependencies": {
        "cadence": "0.0.12"
      }
    }
  }
}
